
Microsoft Visual Studio Solution File, Format Version 12.00
# Visual Studio Version 16
VisualStudioVersion = 16.0.29920.165
MinimumVisualStudioVersion = 10.0.40219.1
Project("{FAE04EC0-301F-11D3-BF4B-00C04F79EFBC}") = "The Blue", "The Blue\The Blue.csproj", "{CA093111-1DE8-4E57-93E2-D2C11A423214}"
EndProject
Global
	GlobalSection(SolutionConfigurationPlatforms) = preSolution
		Debug|Any CPU = Debug|Any CPU
		Release|Any CPU = Release|Any CPU
	EndGlobalSection
	GlobalSection(ProjectConfigurationPlatforms) = postSolution
		{CA093111-1DE8-4E57-93E2-D2C11A423214}.Debug|Any CPU.ActiveCfg = Debug|Any CPU
		{CA093111-1DE8-4E57-93E2-D2C11A423214}.Debug|Any CPU.Build.0 = Debug|Any CPU
		{CA093111-1DE8-4E57-93E2-D2C11A423214}.Release|Any CPU.ActiveCfg = Release|Any CPU
		{CA093111-1DE8-4E57-93E2-D2C11A423214}.Release|Any CPU.Build.0 = Release|Any CPU
	EndGlobalSection
	GlobalSection(SolutionProperties) = preSolution
		HideSolutionNode = FALSE
	EndGlobalSection
	GlobalSection(ExtensibilityGlobals) = postSolution
		SolutionGuid = {F9A61526-802C-4AB0-9D2E-12D5FEB3194A}
	EndGlobalSection
EndGlobal
